
Microsoft Visual Studio Solution File, Format Version 12.00
# Visual Studio Version 17
VisualStudioVersion = 17.14.36623.8
MinimumVisualStudioVersion = 10.0.40219.1
Project("{2150E333-8FDC-42A3-9474-1A3956D46DE8}") = "Task2", "Task2", "{02EA681E-C7D8-13C7-8484-4AC65E1B71E8}"
EndProject
Project("{FAE04EC0-301F-11D3-BF4B-00C04F79EFBC}") = "Tyuiu.KlochenokVA.Sprint1.Task2.V22", "Tyuiu.KlochenokVA.Sprint1.Task2.V22\Tyuiu.KlochenokVA.Sprint1.Task2.V22.csproj", "{25356BFA-E5D6-4252-8E7E-E224BC47DEA8}"
EndProject
Project("{FAE04EC0-301F-11D3-BF4B-00C04F79EFBC}") = "Tyuiu.KlochenokVA.Sprint1.Task2.V22.Lib", "Tyuiu.KlochenokVA.Sprint1.Task2.V22.Lib\Tyuiu.KlochenokVA.Sprint1.Task2.V22.Lib.csproj", "{E15D1202-BE2B-4DF1-AAF8-20D8389A1547}"
EndProject
Project("{FAE04EC0-301F-11D3-BF4B-00C04F79EFBC}") = "Tyuiu.KlochenokVA.Sprint1.Task2.V22.Test", "Tyuiu.KlochenokVA.Sprint1.Task2.V22.Test\Tyuiu.KlochenokVA.Sprint1.Task2.V22.Test.csproj", "{24DA2ABF-503C-429D-BBBA-06C2DA414456}"
EndProject
Project("{2150E333-8FDC-42A3-9474-1A3956D46DE8}") = "Task3", "Task3", "{8ECB5CF5-A361-4345-87E3-44F209FA271B}"
EndProject
Project("{FAE04EC0-301F-11D3-BF4B-00C04F79EFBC}") = "Tyuiu.KlochenokVA.Sprint1.Task3.V13", "Tyuiu.KlochenokVA.Sprint1.Task3.V13\Tyuiu.KlochenokVA.Sprint1.Task3.V13.csproj", "{CCA827F3-3DAD-4CE3-A18E-0F31E4EC795B}"
EndProject
Project("{FAE04EC0-301F-11D3-BF4B-00C04F79EFBC}") = "Tyuiu.KlochenokVA.Sprint1.Task3.V13.Test", "Tyuiu.KlochenokVA.Sprint1.Task3.V13.Test\Tyuiu.KlochenokVA.Sprint1.Task3.V13.Test.csproj", "{D4F557D2-185E-4602-A31A-8C1A04ACC34A}"
EndProject
Project("{FAE04EC0-301F-11D3-BF4B-00C04F79EFBC}") = "Tyuiu.KlochenokVA.Sprint1.Task3.V13.Lib", "Tyuiu.KlochenokVA.Sprint1.Task3.V13.Lib\Tyuiu.KlochenokVA.Sprint1.Task3.V13.Lib.csproj", "{07513F42-66F8-4E37-87E7-E1ABCDBE6A78}"
EndProject
Project("{2150E333-8FDC-42A3-9474-1A3956D46DE8}") = "Task4", "Task4", "{F6F5AB01-1903-4759-8F39-554816A03E54}"
EndProject
Project("{2150E333-8FDC-42A3-9474-1A3956D46DE8}") = "Task5", "Task5", "{0343D70D-9E79-4132-8E86-9C8789835DBB}"
EndProject
Project("{2150E333-8FDC-42A3-9474-1A3956D46DE8}") = "Task6", "Task6", "{1ED1C789-84D5-4B0D-B6C4-45D91099744F}"
EndProject
Project("{2150E333-8FDC-42A3-9474-1A3956D46DE8}") = "Task7", "Task7", "{E937D120-59C3-41B4-A213-5EF6107E609D}"
EndProject
Project("{FAE04EC0-301F-11D3-BF4B-00C04F79EFBC}") = "Tyuiu.KlochenokVA.Sprint1.Task4.V5", "Tyuiu.KlochenokVA.Sprint1.Task4.V5\Tyuiu.KlochenokVA.Sprint1.Task4.V5.csproj", "{24CDC849-A906-4229-8F9C-8A774DAB045D}"
EndProject
Project("{FAE04EC0-301F-11D3-BF4B-00C04F79EFBC}") = "Tyuiu.KlochenokVA.Sprint1.Task4.V5.Lib", "Tyuiu.KlochenokVA.Sprint1.Task4.V5.Lib\Tyuiu.KlochenokVA.Sprint1.Task4.V5.Lib.csproj", "{5764D131-17D6-43E5-89DC-6342AD6E371A}"
EndProject
Project("{FAE04EC0-301F-11D3-BF4B-00C04F79EFBC}") = "Tyuiu.KlochenokVA.Sprint1.Task4.V5.Test", "Tyuiu.KlochenokVA.Sprint1.Task4.V5.Test\Tyuiu.KlochenokVA.Sprint1.Task4.V5.Test.csproj", "{71242CCB-29C5-4948-B360-CDABB111E73B}"
EndProject
Global
	GlobalSection(SolutionConfigurationPlatforms) = preSolution
		Debug|Any CPU = Debug|Any CPU
		Release|Any CPU = Release|Any CPU
	EndGlobalSection
	GlobalSection(ProjectConfigurationPlatforms) = postSolution
		{25356BFA-E5D6-4252-8E7E-E224BC47DEA8}.Debug|Any CPU.ActiveCfg = Debug|Any CPU
		{25356BFA-E5D6-4252-8E7E-E224BC47DEA8}.Debug|Any CPU.Build.0 = Debug|Any CPU
		{25356BFA-E5D6-4252-8E7E-E224BC47DEA8}.Release|Any CPU.ActiveCfg = Release|Any CPU
		{25356BFA-E5D6-4252-8E7E-E224BC47DEA8}.Release|Any CPU.Build.0 = Release|Any CPU
		{E15D1202-BE2B-4DF1-AAF8-20D8389A1547}.Debug|Any CPU.ActiveCfg = Debug|Any CPU
		{E15D1202-BE2B-4DF1-AAF8-20D8389A1547}.Debug|Any CPU.Build.0 = Debug|Any CPU
		{E15D1202-BE2B-4DF1-AAF8-20D8389A1547}.Release|Any CPU.ActiveCfg = Release|Any CPU
		{E15D1202-BE2B-4DF1-AAF8-20D8389A1547}.Release|Any CPU.Build.0 = Release|Any CPU
		{24DA2ABF-503C-429D-BBBA-06C2DA414456}.Debug|Any CPU.ActiveCfg = Debug|Any CPU
		{24DA2ABF-503C-429D-BBBA-06C2DA414456}.Debug|Any CPU.Build.0 = Debug|Any CPU
		{24DA2ABF-503C-429D-BBBA-06C2DA414456}.Release|Any CPU.ActiveCfg = Release|Any CPU
		{24DA2ABF-503C-429D-BBBA-06C2DA414456}.Release|Any CPU.Build.0 = Release|Any CPU
		{CCA827F3-3DAD-4CE3-A18E-0F31E4EC795B}.Debug|Any CPU.ActiveCfg = Debug|Any CPU
		{CCA827F3-3DAD-4CE3-A18E-0F31E4EC795B}.Debug|Any CPU.Build.0 = Debug|Any CPU
		{CCA827F3-3DAD-4CE3-A18E-0F31E4EC795B}.Release|Any CPU.ActiveCfg = Release|Any CPU
		{CCA827F3-3DAD-4CE3-A18E-0F31E4EC795B}.Release|Any CPU.Build.0 = Release|Any CPU
		{D4F557D2-185E-4602-A31A-8C1A04ACC34A}.Debug|Any CPU.ActiveCfg = Debug|Any CPU
		{D4F557D2-185E-4602-A31A-8C1A04ACC34A}.Debug|Any CPU.Build.0 = Debug|Any CPU
		{D4F557D2-185E-4602-A31A-8C1A04ACC34A}.Release|Any CPU.ActiveCfg = Release|Any CPU
		{D4F557D2-185E-4602-A31A-8C1A04ACC34A}.Release|Any CPU.Build.0 = Release|Any CPU
		{07513F42-66F8-4E37-87E7-E1ABCDBE6A78}.Debug|Any CPU.ActiveCfg = Debug|Any CPU
		{07513F42-66F8-4E37-87E7-E1ABCDBE6A78}.Debug|Any CPU.Build.0 = Debug|Any CPU
		{07513F42-66F8-4E37-87E7-E1ABCDBE6A78}.Release|Any CPU.ActiveCfg = Release|Any CPU
		{07513F42-66F8-4E37-87E7-E1ABCDBE6A78}.Release|Any CPU.Build.0 = Release|Any CPU
		{24CDC849-A906-4229-8F9C-8A774DAB045D}.Debug|Any CPU.ActiveCfg = Debug|Any CPU
		{24CDC849-A906-4229-8F9C-8A774DAB045D}.Debug|Any CPU.Build.0 = Debug|Any CPU
		{24CDC849-A906-4229-8F9C-8A774DAB045D}.Release|Any CPU.ActiveCfg = Release|Any CPU
		{24CDC849-A906-4229-8F9C-8A774DAB045D}.Release|Any CPU.Build.0 = Release|Any CPU
		{5764D131-17D6-43E5-89DC-6342AD6E371A}.Debug|Any CPU.ActiveCfg = Debug|Any CPU
		{5764D131-17D6-43E5-89DC-6342AD6E371A}.Debug|Any CPU.Build.0 = Debug|Any CPU
		{5764D131-17D6-43E5-89DC-6342AD6E371A}.Release|Any CPU.ActiveCfg = Release|Any CPU
		{5764D131-17D6-43E5-89DC-6342AD6E371A}.Release|Any CPU.Build.0 = Release|Any CPU
		{71242CCB-29C5-4948-B360-CDABB111E73B}.Debug|Any CPU.ActiveCfg = Debug|Any CPU
		{71242CCB-29C5-4948-B360-CDABB111E73B}.Debug|Any CPU.Build.0 = Debug|Any CPU
		{71242CCB-29C5-4948-B360-CDABB111E73B}.Release|Any CPU.ActiveCfg = Release|Any CPU
		{71242CCB-29C5-4948-B360-CDABB111E73B}.Release|Any CPU.Build.0 = Release|Any CPU
	EndGlobalSection
	GlobalSection(SolutionProperties) = preSolution
		HideSolutionNode = FALSE
	EndGlobalSection
	GlobalSection(NestedProjects) = preSolution
		{25356BFA-E5D6-4252-8E7E-E224BC47DEA8} = {02EA681E-C7D8-13C7-8484-4AC65E1B71E8}
		{E15D1202-BE2B-4DF1-AAF8-20D8389A1547} = {02EA681E-C7D8-13C7-8484-4AC65E1B71E8}
		{24DA2ABF-503C-429D-BBBA-06C2DA414456} = {02EA681E-C7D8-13C7-8484-4AC65E1B71E8}
		{CCA827F3-3DAD-4CE3-A18E-0F31E4EC795B} = {8ECB5CF5-A361-4345-87E3-44F209FA271B}
		{D4F557D2-185E-4602-A31A-8C1A04ACC34A} = {8ECB5CF5-A361-4345-87E3-44F209FA271B}
		{07513F42-66F8-4E37-87E7-E1ABCDBE6A78} = {8ECB5CF5-A361-4345-87E3-44F209FA271B}
		{24CDC849-A906-4229-8F9C-8A774DAB045D} = {F6F5AB01-1903-4759-8F39-554816A03E54}
		{5764D131-17D6-43E5-89DC-6342AD6E371A} = {F6F5AB01-1903-4759-8F39-554816A03E54}
		{71242CCB-29C5-4948-B360-CDABB111E73B} = {F6F5AB01-1903-4759-8F39-554816A03E54}
	EndGlobalSection
	GlobalSection(ExtensibilityGlobals) = postSolution
		SolutionGuid = {D1D55E86-C8C7-49BD-97C3-585E52B10E18}
	EndGlobalSection
EndGlobal
